{
  "version": "5",
  "specifiers": {
    "jsr:@std/assert@^1.0.14": "1.0.19",
    "jsr:@std/internal@^1.0.12": "1.0.14",
    "npm:@hono/zod-openapi@^1.1.3": "1.6.3_hono@4.13.9_zod@4.6.5",
    "npm:@scalar/hono-api-reference@0.12": "0.12.5_hono@4.13.9",
    "npm:hono@^4.9.8": "4.13.9"
  },
  "jsr": {
    "@std/assert@1.0.19": {
      "integrity": "eaada96ee120cb980bc47e040f82814d786fe8162ecc53c91d8df60b8755991e",
      "dependencies": [
        "jsr:@std/internal"
      ]
    },
    "@std/internal@1.0.14": {
      "integrity": "291516b3d4c35024d6ffbc0a9df5bf4c64116e05b50012cf846710152d2ffdf7"
    }
  },
  "npm": {
    "@asteasolutions/zod-to-openapi@9.1.0_zod@4.6.5": {
      "integrity": "sha512-pLMeRgRYS7/vZIgAAkOe2P6+XGTifR1MT9pqDoxZ11EmcJJ+DPmdPqLN8ZZF4U8R9KHCCQCS9c2wtuE8wSrfkw==",
      "dependencies": [
        "openapi3-ts",
        "zod"
      ]
    },
    "@hono/zod-openapi@1.6.3_hono@4.13.9_zod@4.6.5": {
      "integrity": "sha512-VYR82Y60plu8g3pN60OUXMVKpmxh3R04Qs++3DY9vtwZ9/sA/BRY0PcRIR+Z37/3itWtM7pYwT9bKiH9JhqV6Q==",
      "dependencies": [
        "@asteasolutions/zod-to-openapi",
        "@hono/zod-validator",
        "hono",
        "openapi3-ts",
        "zod"
      ]
    },
    "@hono/zod-validator@0.9.1_hono@4.13.9_zod@4.6.5": {
      "integrity": "sha512-iiv6w0qrIc0arfvCtUqBWsvl4fXjzaTcQcCJTTtCnkawF9HHGE+KjEl0ox3gQJ6rKZEgE3mLExlQCF72M+mNuw==",
      "dependencies": [
        "hono",
        "zod"
      ]
    },
    "@scalar/client-side-rendering@0.4.4": {
      "integrity": "sha512-v07EYfjeQAkxaX74uIuasZiFL9p5Sy8XbUWprH7HVn/PIAMbjxw8rG1mwU9lqD/gQuIX8FlJUKEcveNVPBjc0w==",
      "dependencies": [
        "@scalar/schemas",
        "@scalar/types",
        "@scalar/validation"
      ]
    },
    "@scalar/helpers@0.14.0": {
      "integrity": "sha512-FcKHBUicgIHauj3HgXsvA9KsJsj5402qspMui7N9lYaoyKBSkeUBskpAJrRDp1H+Qc1Cc4S0ATR1geVxdmCjBg=="
    },
    "@scalar/hono-api-reference@0.12.5_hono@4.13.9": {
      "integrity": "sha512-Gb2fkbMrpW9qMKhb/+p8yFM+WkN03k/5DRh8Da5o0pa5MdpjlrHh01YagdU6R82eH1odj6wYVqUKx/iSDaJgEA==",
      "dependencies": [
        "@scalar/client-side-rendering",
        "hono"
      ]
    },
    "@scalar/schemas@0.12.0": {
      "integrity": "sha512-5j4NLtJQtFuJjO2OxNIV9qloJtPWaig2qfDnuREvJxxJX40JaWdImD6RIgJyz4IFLdivaPH3nqSELnkwU5s1OQ==",
      "dependencies": [
        "@scalar/helpers",
        "@scalar/validation"
      ]
    },
    "@scalar/types@0.22.0": {
      "integrity": "sha512-BQH+N+W+psHYdqsSxDzjoZV3V2gHibU3EDmXLi2wM5EPTZRfx6Vdp4tT0faaC1j+U/LESgl/C+8yjbVfBGyqBw==",
      "dependencies": [
        "@scalar/helpers",
        "nanoid",
        "type-fest",
        "zod"
      ]
    },
    "@scalar/validation@0.6.5": {
      "integrity": "sha512-t/dtbqesbOLsTusFI2kXfiFEQOiZC7+oAY+jZnE82Y64xLamo/1KrZpta8GkuAfIHyeOHOx5bDFid04eO13MIg=="
    },
    "hono@4.13.9": {
      "integrity": "sha512-7dMkQmZoC4E6F7AtaQSPhlWAdnBti+j7rreMZl8QB4jFiEhP9TWbGWUMi8WYzBCgmgulxuvLQupKqo+Co6Omyg=="
    },
    "nanoid@5.1.16": {
      "integrity": "sha512-kVrnsrJqMR8+oLJnGEmSWw9BivK5mt7H3FZatVRjrc5wGqFYuBxX1yG7+A7Gi5AefkX6t/oCkizcQgpu0cY1dQ==",
      "bin": true
    },
    "openapi3-ts@4.6.1": {
      "integrity": "sha512-XW9MOldkhoICNeXVzzmXzmOW5G73ppOEGmh7fLCqHjgfdEYCGGN+00MlVCeUZgovjjfC56j9tvtDt1zGabNjjA==",
      "dependencies": [
        "yaml"
      ]
    },
    "tagged-tag@1.0.0": {
      "integrity": "sha512-yEFYrVhod+hdNyx7g5Bnkkb0G6si8HJurOoOEgC8B/O0uXLHlaey/65KRv6cuWBNhBgHKAROVpc7QyYqE5gFng=="
    },
    "type-fest@5.10.0": {
      "integrity": "sha512-NoSdpq/WEiAg5sjmBkmV/hfxv6HJH4NqPNrqjtSO5CwRmpsDfaf4begxW34KdJykH/l1yHtwBWQkCRdoXO8mPA==",
      "dependencies": [
        "tagged-tag"
      ]
    },
    "yaml@2.9.1": {
      "integrity": "sha512-3NxN8+78OdzbT7C/WjGsyfPAtJaN3FNDsWxv7Y7mcDsT/oOmgW8BpyQQFFBnvZE3j9Y2Sdz1ULFLezL7Eb2yFw==",
      "bin": true
    },
    "zod@4.6.5": {
      "integrity": "sha512-v5l/aFXZQeai4awLbOpSoHecE9UiMrnfx75tEXLjNonXVARxQ5mOeipTjROUchszUNCqnE+hqAMujRsRHsut2Q=="
    }
  },
  "workspace": {
    "dependencies": [
      "jsr:@std/assert@^1.0.14",
      "npm:@hono/zod-openapi@^1.1.3",
      "npm:@scalar/hono-api-reference@0.12",
      "npm:hono@^4.9.8"
    ]
  }
}
